
Microsoft Visual Studio Solution File, Format Version 12.00
# Visual Studio 2017
Project("{FAE04EC0-301F-11D3-BF4B-00C04F79EFBC}") = "Match-3-Unity3D-Recruitment", "Match-3-Unity3D-Recruitment.csproj", "{69CE8AC2-3912-EAD3-59E2-88EE5A681605}"
EndProject
Global
	GlobalSection(SolutionConfigurationPlatforms) = preSolution
		Debug|Any CPU = Debug|Any CPU
		Release|Any CPU = Release|Any CPU
	EndGlobalSection
	GlobalSection(ProjectConfigurationPlatforms) = postSolution
		{69CE8AC2-3912-EAD3-59E2-88EE5A681605}.Debug|Any CPU.ActiveCfg = Debug|Any CPU
		{69CE8AC2-3912-EAD3-59E2-88EE5A681605}.Debug|Any CPU.Build.0 = Debug|Any CPU
		{69CE8AC2-3912-EAD3-59E2-88EE5A681605}.Release|Any CPU.ActiveCfg = Release|Any CPU
		{69CE8AC2-3912-EAD3-59E2-88EE5A681605}.Release|Any CPU.Build.0 = Release|Any CPU
	EndGlobalSection
	GlobalSection(SolutionProperties) = preSolution
		HideSolutionNode = FALSE
	EndGlobalSection
EndGlobal
